<?xml version="1.0" encoding="utf-8"?>
<Project ToolsVersion="4.0" xmlns="http://schemas.microsoft.com/developer/msbuild/2003">
  <ItemGroup>
    <Filter Include="Source Files">
      <UniqueIdentifier>{4FC737F1-C7A5-4376-A066-2A32D752A2FF}</UniqueIdentifier>
      <Extensions>cpp;c;cc;cxx;c++;cppm;ixx;def;odl;idl;hpj;bat;asm;asmx</Extensions>
    </Filter>
    <Filter Include="Header Files">
      <UniqueIdentifier>{93995380-89BD-4b04-88EB-625FBE52EBFB}</UniqueIdentifier>
      <Extensions>h;hh;hpp;hxx;h++;hm;inl;inc;ipp;xsd</Extensions>
    </Filter>
    <Filter Include="Resource Files">
      <UniqueIdentifier>{67DA6AB6-F800-4c08-8B7A-83BB121AAD01}</UniqueIdentifier>
      <Extensions>rc;ico;cur;bmp;dlg;rc2;rct;bin;rgs;gif;jpg;jpeg;jpe;resx;tiff;tif;png;wav;mfcribbon-ms</Extensions>
    </Filter>
  </ItemGroup>
  <ItemGroup>
    <ClCompile Include="graphics\buton\buton.cpp">
      <Filter>Source Files</Filter>
    </ClCompile>
    <ClCompile Include="graphics\checkBox\checkBox.cpp">
      <Filter>Source Files</Filter>
    </ClCompile>
    <ClCompile Include="graphics\image\image.cpp">
      <Filter>Source Files</Filter>
    </ClCompile>
    <ClCompile Include="graphics\slider\slider.cpp">
      <Filter>Source Files</Filter>
    </ClCompile>
    <ClCompile Include="graphics\textBox\textBox.cpp">
      <Filter>Source Files</Filter>
    </ClCompile>
    <ClCompile Include="graphics\graphics.cpp">
      <Filter>Source Files</Filter>
    </ClCompile>
    <ClCompile Include="interface\interface.cpp">
      <Filter>Source Files</Filter>
    </ClCompile>
    <ClCompile Include="main.cpp">
      <Filter>Source Files</Filter>
    </ClCompile>
  </ItemGroup>
  <ItemGroup>
    <ClInclude Include="graphics\buton\buton.hpp">
      <Filter>Header Files</Filter>
    </ClInclude>
    <ClInclude Include="graphics\checkBox\checkBox.hpp">
      <Filter>Header Files</Filter>
    </ClInclude>
    <ClInclude Include="graphics\image\image.hpp">
      <Filter>Header Files</Filter>
    </ClInclude>
    <ClInclude Include="graphics\slider\slider.hpp">
      <Filter>Header Files</Filter>
    </ClInclude>
    <ClInclude Include="graphics\textBox\textBox.hpp">
      <Filter>Header Files</Filter>
    </ClInclude>
    <ClInclude Include="graphics\graphics.hpp">
      <Filter>Header Files</Filter>
    </ClInclude>
    <ClInclude Include="include\GL\internal\glcore.h">
      <Filter>Header Files</Filter>
    </ClInclude>
    <ClInclude Include="include\GL\freeglut.h">
      <Filter>Header Files</Filter>
    </ClInclude>
    <ClInclude Include="include\GL\freeglut_ext.h">
      <Filter>Header Files</Filter>
    </ClInclude>
    <ClInclude Include="include\GL\freeglut_std.h">
      <Filter>Header Files</Filter>
    </ClInclude>
    <ClInclude Include="include\GL\freeglut_ucall.h">
      <Filter>Header Files</Filter>
    </ClInclude>
    <ClInclude Include="include\GL\gl.h">
      <Filter>Header Files</Filter>
    </ClInclude>
    <ClInclude Include="include\GL\glcorearb.h">
      <Filter>Header Files</Filter>
    </ClInclude>
    <ClInclude Include="include\GL\glew.h">
      <Filter>Header Files</Filter>
    </ClInclude>
    <ClInclude Include="include\GL\glext.h">
      <Filter>Header Files</Filter>
    </ClInclude>
    <ClInclude Include="include\GL\glu.h">
      <Filter>Header Files</Filter>
    </ClInclude>
    <ClInclude Include="include\GL\glut.h">
      <Filter>Header Files</Filter>
    </ClInclude>
    <ClInclude Include="include\GL\glx.h">
      <Filter>Header Files</Filter>
    </ClInclude>
    <ClInclude Include="include\GL\glxew.h">
      <Filter>Header Files</Filter>
    </ClInclude>
    <ClInclude Include="include\GL\glxext.h">
      <Filter>Header Files</Filter>
    </ClInclude>
    <ClInclude Include="include\GL\glxint.h">
      <Filter>Header Files</Filter>
    </ClInclude>
    <ClInclude Include="include\GL\glxmd.h">
      <Filter>Header Files</Filter>
    </ClInclude>
    <ClInclude Include="include\GL\glxproto.h">
      <Filter>Header Files</Filter>
    </ClInclude>
    <ClInclude Include="include\GL\glxtokens.h">
      <Filter>Header Files</Filter>
    </ClInclude>
    <ClInclude Include="include\GL\wglew.h">
      <Filter>Header Files</Filter>
    </ClInclude>
    <ClInclude Include="include\IL\devil_cpp_wrapper.hpp">
      <Filter>Header Files</Filter>
    </ClInclude>
    <ClInclude Include="include\IL\devil_internal_exports.h">
      <Filter>Header Files</Filter>
    </ClInclude>
    <ClInclude Include="include\IL\il.h">
      <Filter>Header Files</Filter>
    </ClInclude>
    <ClInclude Include="include\IL\il_wrap.h">
      <Filter>Header Files</Filter>
    </ClInclude>
    <ClInclude Include="include\IL\ilu.h">
      <Filter>Header Files</Filter>
    </ClInclude>
    <ClInclude Include="include\IL\ilu_region.h">
      <Filter>Header Files</Filter>
    </ClInclude>
    <ClInclude Include="include\IL\ilut.h">
      <Filter>Header Files</Filter>
    </ClInclude>
    <ClInclude Include="include\IL\ilut_config.h">
      <Filter>Header Files</Filter>
    </ClInclude>
    <ClInclude Include="interface\interface.hpp">
      <Filter>Header Files</Filter>
    </ClInclude>
    <ClInclude Include="main.hpp">
      <Filter>Header Files</Filter>
    </ClInclude>
    <ClInclude Include="structs.hpp">
      <Filter>Header Files</Filter>
    </ClInclude>
  </ItemGroup>
  <ItemGroup>
    <None Include="include\IL\DevIL.i" />
    <None Include="include\IL\build-lua" />
    <None Include="include\IL\config.h.win" />
    <None Include="include\IL\build-python" />
    <None Include="include\IL\stamp-h.in" />
    <None Include="lib\OPENGL32.DLL" />
    <None Include="lib\DevIL.dll" />
    <None Include="lib\GLU32.DLL" />
    <None Include="lib\glut32.dll" />
    <None Include="lib\ILU.dll" />
    <None Include="lib\ILUT.dll" />
    <None Include="compile.sh" />
    <None Include=".gitattributes" />
    <None Include=".gitignore" />
  </ItemGroup>
  <ItemGroup>
    <Image Include="images\image.png">
      <Filter>Resource Files</Filter>
    </Image>
  </ItemGroup>
  <ItemGroup>
    <Library Include="lib\OPENGL32.LIB" />
    <Library Include="lib\ILUT.lib" />
    <Library Include="lib\DevIL.lib" />
    <Library Include="lib\freeglut.lib" />
    <Library Include="lib\GLAUX.LIB" />
    <Library Include="lib\GLU32.LIB" />
    <Library Include="lib\glut32.lib" />
    <Library Include="lib\ILU.lib" />
  </ItemGroup>
</Project>